{
  "version": 4,
  "terraform_version": "1.11.3",
  "serial": 73,
  "lineage": "e34438d5-984a-9a88-616f-80bca628a158",
  "outputs": {},
  "resources": [
    {
      "mode": "managed",
      "type": "yandex_compute_instance_group",
      "name": "ig-1",
      "provider": "provider[\"registry.terraform.io/yandex-cloud/yandex\"]",
      "instances": [
        {
          "schema_version": 0,
          "attributes": {
            "allocation_policy": [
              {
                "instance_tags_pool": [],
                "zones": [
                  "ru-central1-d"
                ]
              }
            ],
            "application_load_balancer": [],
            "created_at": "2025-04-10T13:35:40Z",
            "deletion_protection": false,
            "deploy_policy": [
              {
                "max_creating": 0,
                "max_deleting": 0,
                "max_expansion": 0,
                "max_unavailable": 1,
                "startup_duration": 0,
                "strategy": "proactive"
              }
            ],
            "description": "",
            "folder_id": "b1gr31hq6bsesq941vg8",
            "health_check": [],
            "id": "cl1lq0466mrp7ssv9vem",
            "instance_template": [
              {
                "boot_disk": [
                  {
                    "device_name": "",
                    "disk_id": "",
                    "initialize_params": [
                      {
                        "description": "",
                        "image_id": "fd8pfd17g205ujpmpb0a",
                        "size": 10,
                        "snapshot_id": "",
                        "type": "network-hdd"
                      }
                    ],
                    "mode": "READ_WRITE",
                    "name": ""
                  }
                ],
                "description": "",
                "filesystem": [],
                "hostname": "",
                "labels": {},
                "metadata": {
                  "ssh-keys": "cepib:ssh-rsa AAAAB3NzaC1yc2EAAAADAQABAAABgQDTtIwz/3tExIclIYWscZw/YmvO0W56KgYKSuyA7EvzqylMpwjtFxT038SJXPHScrXn7yRqVdQmkjRjHGg0G9e1BMG4+/3/DRjbsOaxfqOQhjoSznEMgJKZncQgcaefPtjhnBId6lepqJFVEjNyrsv4pGVdmBYCxsv7EQVSJzT8nwoknACJyXJsp+OJuIjyZpuiEI3vUM+i4XwKDSLRkZXE/mgYh51S9gAys6OClKcBb77Fyd4MEWtzR0lBuVXCObKo/Bxj7ZBR7dSlPg8eXh3JqdzPTRimX5HM/Ojxi8aGwIBW7nEt6e5v4KHh+KBHK6//S5LolgkdqW1RQHZlBMgaV/LQs+JQ1Fw4qM9EPrp2MDj7v4V+iaJmRYXxDXhH6VkpRgQ9jOni1JOV6TDrnUyZxqqwNCxrgt1uYWMZ3IXqT/gmcHKtY1b+VlO7h0hbh/3tY20dZLpsvsmKNJZKBNlR0UcLRsjlpVWD8uZr086resDmD5yxXjIu++jT5ZiNi7M="
                },
                "metadata_options": [
                  {
                    "aws_v1_http_endpoint": 0,
                    "aws_v1_http_token": 0,
                    "gce_http_endpoint": 0,
                    "gce_http_token": 0
                  }
                ],
                "name": "",
                "network_interface": [
                  {
                    "dns_record": [],
                    "ip_address": "",
                    "ipv4": true,
                    "ipv6": false,
                    "ipv6_address": "",
                    "ipv6_dns_record": [],
                    "nat": false,
                    "nat_dns_record": [],
                    "nat_ip_address": "",
                    "network_id": "enpiga7bh09hoen5qn00",
                    "security_group_ids": null,
                    "subnet_ids": [
                      "fl88lgdsl5mrnvn37jbd"
                    ]
                  }
                ],
                "network_settings": [],
                "placement_policy": [],
                "platform_id": "standard-v3",
                "resources": [
                  {
                    "core_fraction": 100,
                    "cores": 4,
                    "gpus": 0,
                    "memory": 4
                  }
                ],
                "scheduling_policy": [
                  {
                    "preemptible": false
                  }
                ],
                "secondary_disk": [],
                "service_account_id": ""
              }
            ],
            "instances": [
              {
                "fqdn": "cl1lq0466mrp7ssv9vem-alom.ru-central1.internal",
                "instance_id": "fv4k1ct3pvdg8a8fg7sk",
                "instance_tag": "",
                "name": "cl1lq0466mrp7ssv9vem-alom",
                "network_interface": [
                  {
                    "index": 0,
                    "ip_address": "10.5.0.31",
                    "ipv4": true,
                    "ipv6": false,
                    "ipv6_address": "",
                    "mac_address": "d0:0d:14:0b:3a:3c",
                    "nat": false,
                    "nat_ip_address": "",
                    "nat_ip_version": "",
                    "subnet_id": "fl88lgdsl5mrnvn37jbd"
                  }
                ],
                "status": "RUNNING_ACTUAL",
                "status_changed_at": "2025-04-10T13:36:28Z",
                "status_message": "",
                "zone_id": "ru-central1-d"
              },
              {
                "fqdn": "cl1lq0466mrp7ssv9vem-ivun.ru-central1.internal",
                "instance_id": "fv40oo8am988sie9fbrm",
                "instance_tag": "",
                "name": "cl1lq0466mrp7ssv9vem-ivun",
                "network_interface": [
                  {
                    "index": 0,
                    "ip_address": "10.5.0.26",
                    "ipv4": true,
                    "ipv6": false,
                    "ipv6_address": "",
                    "mac_address": "d0:0d:c6:10:ab:25",
                    "nat": false,
                    "nat_ip_address": "",
                    "nat_ip_version": "",
                    "subnet_id": "fl88lgdsl5mrnvn37jbd"
                  }
                ],
                "status": "RUNNING_ACTUAL",
                "status_changed_at": "2025-04-10T13:36:22Z",
                "status_message": "",
                "zone_id": "ru-central1-d"
              }
            ],
            "labels": null,
            "load_balancer": [
              {
                "ignore_health_checks": false,
                "max_opening_traffic_duration": 0,
                "status_message": "",
                "target_group_description": "Целевая группа Network Load Balancer",
                "target_group_id": "enpgqprfsrhfbaoeagqb",
                "target_group_labels": null,
                "target_group_name": "target-group"
              }
            ],
            "max_checking_health_duration": null,
            "name": "project-balancer",
            "scale_policy": [
              {
                "auto_scale": [],
                "fixed_scale": [
                  {
                    "size": 2
                  }
                ],
                "test_auto_scale": []
              }
            ],
            "service_account_id": "ajeoe1t4h6nuqbf32go1",
            "status": "ACTIVE",
            "timeouts": null,
            "variables": null
          },
          "sensitive_attributes": [],
          "private": "eyJlMmJmYjczMC1lY2FhLTExZTYtOGY4OC0zNDM2M2JjN2M0YzAiOnsiY3JlYXRlIjoxODAwMDAwMDAwMDAwLCJkZWxldGUiOjE4MDAwMDAwMDAwMDAsInVwZGF0ZSI6MTgwMDAwMDAwMDAwMH19",
          "dependencies": [
            "yandex_iam_service_account.compute-group-account",
            "yandex_vpc_network.mynet",
            "yandex_vpc_subnet.mysubnet"
          ]
        }
      ]
    },
    {
      "mode": "managed",
      "type": "yandex_container_registry",
      "name": "my-reg",
      "provider": "provider[\"registry.terraform.io/yandex-cloud/yandex\"]",
      "instances": [
        {
          "schema_version": 0,
          "attributes": {
            "created_at": "2025-04-10T13:35:36Z",
            "folder_id": "b1gr31hq6bsesq941vg8",
            "id": "crp9nue17tuebr6ov7hl",
            "labels": null,
            "name": "project-registry",
            "status": "active",
            "timeouts": null
          },
          "sensitive_attributes": [],
          "private": "eyJlMmJmYjczMC1lY2FhLTExZTYtOGY4OC0zNDM2M2JjN2M0YzAiOnsiY3JlYXRlIjo5MDAwMDAwMDAwMDAsImRlbGV0ZSI6OTAwMDAwMDAwMDAwLCJ1cGRhdGUiOjkwMDAwMDAwMDAwMH19"
        }
      ]
    },
    {
      "mode": "managed",
      "type": "yandex_iam_service_account",
      "name": "compute-group-account",
      "provider": "provider[\"registry.terraform.io/yandex-cloud/yandex\"]",
      "instances": [
        {
          "schema_version": 0,
          "attributes": {
            "created_at": "2025-04-10T13:35:36Z",
            "description": "Сервисный аккаунт для управления группой ВМ.",
            "folder_id": "b1gr31hq6bsesq941vg8",
            "id": "ajeoe1t4h6nuqbf32go1",
            "name": "compute-group-account",
            "timeouts": null
          },
          "sensitive_attributes": [],
          "private": "eyJlMmJmYjczMC1lY2FhLTExZTYtOGY4OC0zNDM2M2JjN2M0YzAiOnsiY3JlYXRlIjo2MDAwMDAwMDAwMCwiZGVsZXRlIjo2MDAwMDAwMDAwMCwidXBkYXRlIjo2MDAwMDAwMDAwMH19"
        }
      ]
    },
    {
      "mode": "managed",
      "type": "yandex_lb_network_load_balancer",
      "name": "lb-1",
      "provider": "provider[\"registry.terraform.io/yandex-cloud/yandex\"]",
      "instances": [
        {
          "schema_version": 0,
          "attributes": {
            "allow_zonal_shift": false,
            "attached_target_group": [
              {
                "healthcheck": [
                  {
                    "healthy_threshold": 2,
                    "http_options": [
                      {
                        "path": "/index.html",
                        "port": 80
                      }
                    ],
                    "interval": 2,
                    "name": "http",
                    "tcp_options": [],
                    "timeout": 1,
                    "unhealthy_threshold": 2
                  }
                ],
                "target_group_id": "enpgqprfsrhfbaoeagqb"
              }
            ],
            "created_at": "2025-04-10T13:36:29Z",
            "deletion_protection": false,
            "description": "",
            "folder_id": "b1gr31hq6bsesq941vg8",
            "id": "enp4818kvros5k8o3b79",
            "labels": null,
            "listener": [
              {
                "external_address_spec": [
                  {
                    "address": "158.160.182.47",
                    "ip_version": "ipv4"
                  }
                ],
                "internal_address_spec": [],
                "name": "network-load-balancer-1-listener",
                "port": 80,
                "protocol": "tcp",
                "target_port": 80
              }
            ],
            "name": "network-load-balancer-1",
            "region_id": "ru-central1",
            "timeouts": null,
            "type": "external"
          },
          "sensitive_attributes": [],
          "private": "eyJlMmJmYjczMC1lY2FhLTExZTYtOGY4OC0zNDM2M2JjN2M0YzAiOnsiY3JlYXRlIjozMDAwMDAwMDAwMDAsImRlbGV0ZSI6MzAwMDAwMDAwMDAwLCJ1cGRhdGUiOjMwMDAwMDAwMDAwMH19",
          "dependencies": [
            "yandex_compute_instance_group.ig-1",
            "yandex_iam_service_account.compute-group-account",
            "yandex_vpc_network.mynet",
            "yandex_vpc_subnet.mysubnet"
          ]
        }
      ]
    },
    {
      "mode": "managed",
      "type": "yandex_mdb_postgresql_cluster",
      "name": "mypg",
      "provider": "provider[\"registry.terraform.io/yandex-cloud/yandex\"]",
      "instances": [
        {
          "schema_version": 0,
          "attributes": {
            "config": [
              {
                "access": [
                  {
                    "data_lens": false,
                    "data_transfer": false,
                    "serverless": false,
                    "web_sql": false
                  }
                ],
                "autofailover": true,
                "backup_retain_period_days": 7,
                "backup_window_start": [
                  {
                    "hours": 0,
                    "minutes": 0
                  }
                ],
                "disk_size_autoscaling": [
                  {
                    "disk_size_limit": 0,
                    "emergency_usage_threshold": 0,
                    "planned_usage_threshold": 0
                  }
                ],
                "performance_diagnostics": [
                  {
                    "enabled": false,
                    "sessions_sampling_interval": 60,
                    "statements_sampling_interval": 600
                  }
                ],
                "pooler_config": [],
                "postgresql_config": {
                  "auto_explain_log_format": "0",
                  "debug_parallel_query": "0",
                  "password_encryption": "2",
                  "shared_preload_libraries": ""
                },
                "resources": [
                  {
                    "disk_size": 20,
                    "disk_type_id": "network-ssd",
                    "resource_preset_id": "s2.micro"
                  }
                ],
                "version": "17"
              }
            ],
            "created_at": "2025-04-10T13:35:42Z",
            "database": [],
            "deletion_protection": false,
            "description": "",
            "environment": "PRESTABLE",
            "folder_id": "b1gr31hq6bsesq941vg8",
            "health": "HEALTH_UNKNOWN",
            "host": [
              {
                "assign_public_ip": false,
                "fqdn": "rc1d-fv5flhqbcfjd9b65.mdb.yandexcloud.net",
                "name": "mypg-host-d",
                "priority": 0,
                "replication_source": "",
                "replication_source_name": "",
                "role": "MASTER",
                "subnet_id": "fl88lgdsl5mrnvn37jbd",
                "zone": "ru-central1-d"
              }
            ],
            "host_group_ids": [],
            "host_master_name": "mypg-host-d",
            "id": "c9qrpssgduhb3g0r0uap",
            "labels": {},
            "maintenance_window": [
              {
                "day": "",
                "hour": 0,
                "type": "ANYTIME"
              }
            ],
            "name": "mypg",
            "network_id": "enpiga7bh09hoen5qn00",
            "restore": [],
            "security_group_ids": [
              "enp071fmtlls78mneu9k"
            ],
            "status": "RUNNING",
            "timeouts": null,
            "user": []
          },
          "sensitive_attributes": [],
          "private": "eyJlMmJmYjczMC1lY2FhLTExZTYtOGY4OC0zNDM2M2JjN2M0YzAiOnsiY3JlYXRlIjoxODAwMDAwMDAwMDAwLCJkZWxldGUiOjkwMDAwMDAwMDAwMCwidXBkYXRlIjozNjAwMDAwMDAwMDAwfX0=",
          "dependencies": [
            "yandex_vpc_network.mynet",
            "yandex_vpc_security_group.pgsql-sg",
            "yandex_vpc_subnet.mysubnet"
          ]
        }
      ]
    },
    {
      "mode": "managed",
      "type": "yandex_mdb_postgresql_database",
      "name": "db1",
      "provider": "provider[\"registry.terraform.io/yandex-cloud/yandex\"]",
      "instances": [
        {
          "schema_version": 0,
          "attributes": {
            "cluster_id": "c9qrpssgduhb3g0r0uap",
            "deletion_protection": "unspecified",
            "extension": [],
            "id": "c9qrpssgduhb3g0r0uap:db1",
            "lc_collate": "C",
            "lc_type": "C",
            "name": "db1",
            "owner": "user1",
            "template_db": "",
            "timeouts": null
          },
          "sensitive_attributes": [],
          "private": "eyJlMmJmYjczMC1lY2FhLTExZTYtOGY4OC0zNDM2M2JjN2M0YzAiOnsiY3JlYXRlIjo2MDAwMDAwMDAwMDAsImRlbGV0ZSI6NjAwMDAwMDAwMDAwLCJyZWFkIjo2MDAwMDAwMDAwMCwidXBkYXRlIjo2MDAwMDAwMDAwMDB9fQ==",
          "dependencies": [
            "yandex_mdb_postgresql_cluster.mypg",
            "yandex_mdb_postgresql_user.user1",
            "yandex_vpc_network.mynet",
            "yandex_vpc_security_group.pgsql-sg",
            "yandex_vpc_subnet.mysubnet"
          ]
        }
      ]
    },
    {
      "mode": "managed",
      "type": "yandex_mdb_postgresql_user",
      "name": "user1",
      "provider": "provider[\"registry.terraform.io/yandex-cloud/yandex\"]",
      "instances": [
        {
          "schema_version": 0,
          "attributes": {
            "cluster_id": "c9qrpssgduhb3g0r0uap",
            "conn_limit": 50,
            "connection_manager": null,
            "deletion_protection": "unspecified",
            "generate_password": false,
            "grants": null,
            "id": "c9qrpssgduhb3g0r0uap:user1",
            "login": true,
            "name": "user1",
            "password": "user1user1",
            "permission": [],
            "settings": null,
            "timeouts": null
          },
          "sensitive_attributes": [
            [
              {
                "type": "get_attr",
                "value": "password"
              }
            ]
          ],
          "private": "eyJlMmJmYjczMC1lY2FhLTExZTYtOGY4OC0zNDM2M2JjN2M0YzAiOnsiY3JlYXRlIjo2MDAwMDAwMDAwMDAsImRlbGV0ZSI6NjAwMDAwMDAwMDAwLCJyZWFkIjo2MDAwMDAwMDAwMCwidXBkYXRlIjo2MDAwMDAwMDAwMDB9fQ==",
          "dependencies": [
            "yandex_mdb_postgresql_cluster.mypg",
            "yandex_vpc_network.mynet",
            "yandex_vpc_security_group.pgsql-sg",
            "yandex_vpc_subnet.mysubnet"
          ]
        }
      ]
    },
    {
      "mode": "managed",
      "type": "yandex_resourcemanager_folder_iam_member",
      "name": "compute-admin",
      "provider": "provider[\"registry.terraform.io/yandex-cloud/yandex\"]",
      "instances": [
        {
          "schema_version": 0,
          "attributes": {
            "folder_id": "b1gr31hq6bsesq941vg8",
            "id": "b1gr31hq6bsesq941vg8/compute.admin/serviceAccount:ajeoe1t4h6nuqbf32go1",
            "member": "serviceAccount:ajeoe1t4h6nuqbf32go1",
            "role": "compute.admin",
            "sleep_after": null,
            "timeouts": null
          },
          "sensitive_attributes": [],
          "private": "eyJlMmJmYjczMC1lY2FhLTExZTYtOGY4OC0zNDM2M2JjN2M0YzAiOnsiY3JlYXRlIjo2MDAwMDAwMDAwMCwiZGVmYXVsdCI6NjAwMDAwMDAwMDAsImRlbGV0ZSI6NjAwMDAwMDAwMDAsInJlYWQiOjYwMDAwMDAwMDAwLCJ1cGRhdGUiOjYwMDAwMDAwMDAwfX0=",
          "dependencies": [
            "yandex_iam_service_account.compute-group-account"
          ]
        }
      ]
    },
    {
      "mode": "managed",
      "type": "yandex_resourcemanager_folder_iam_member",
      "name": "load-balancer-admin",
      "provider": "provider[\"registry.terraform.io/yandex-cloud/yandex\"]",
      "instances": [
        {
          "schema_version": 0,
          "attributes": {
            "folder_id": "b1gr31hq6bsesq941vg8",
            "id": "b1gr31hq6bsesq941vg8/load-balancer.admin/serviceAccount:ajeoe1t4h6nuqbf32go1",
            "member": "serviceAccount:ajeoe1t4h6nuqbf32go1",
            "role": "load-balancer.admin",
            "sleep_after": null,
            "timeouts": null
          },
          "sensitive_attributes": [],
          "private": "eyJlMmJmYjczMC1lY2FhLTExZTYtOGY4OC0zNDM2M2JjN2M0YzAiOnsiY3JlYXRlIjo2MDAwMDAwMDAwMCwiZGVmYXVsdCI6NjAwMDAwMDAwMDAsImRlbGV0ZSI6NjAwMDAwMDAwMDAsInJlYWQiOjYwMDAwMDAwMDAwLCJ1cGRhdGUiOjYwMDAwMDAwMDAwfX0=",
          "dependencies": [
            "yandex_iam_service_account.compute-group-account"
          ]
        }
      ]
    },
    {
      "mode": "managed",
      "type": "yandex_vpc_network",
      "name": "mynet",
      "provider": "provider[\"registry.terraform.io/yandex-cloud/yandex\"]",
      "instances": [
        {
          "schema_version": 0,
          "attributes": {
            "created_at": "2025-04-10T13:35:36Z",
            "default_security_group_id": "enpluoro8roodpdm7f9q",
            "description": "",
            "folder_id": "b1gr31hq6bsesq941vg8",
            "id": "enpiga7bh09hoen5qn00",
            "labels": {},
            "name": "mynet",
            "subnet_ids": [],
            "timeouts": null
          },
          "sensitive_attributes": [],
          "private": "eyJlMmJmYjczMC1lY2FhLTExZTYtOGY4OC0zNDM2M2JjN2M0YzAiOnsiY3JlYXRlIjo2MDAwMDAwMDAwMCwiZGVsZXRlIjo2MDAwMDAwMDAwMCwidXBkYXRlIjo2MDAwMDAwMDAwMH19"
        }
      ]
    },
    {
      "mode": "managed",
      "type": "yandex_vpc_security_group",
      "name": "pgsql-sg",
      "provider": "provider[\"registry.terraform.io/yandex-cloud/yandex\"]",
      "instances": [
        {
          "schema_version": 0,
          "attributes": {
            "created_at": "2025-04-10T13:35:41Z",
            "description": "",
            "egress": [],
            "folder_id": "b1gr31hq6bsesq941vg8",
            "id": "enp071fmtlls78mneu9k",
            "ingress": [
              {
                "description": "PostgreSQL",
                "from_port": -1,
                "id": "enpm37prsd22kltdg3nf",
                "labels": {},
                "port": 6432,
                "predefined_target": "",
                "protocol": "TCP",
                "security_group_id": "",
                "to_port": -1,
                "v4_cidr_blocks": [
                  "0.0.0.0/0"
                ],
                "v6_cidr_blocks": []
              }
            ],
            "labels": {},
            "name": "pgsql-sg",
            "network_id": "enpiga7bh09hoen5qn00",
            "status": "ACTIVE",
            "timeouts": null
          },
          "sensitive_attributes": [],
          "private": "eyJlMmJmYjczMC1lY2FhLTExZTYtOGY4OC0zNDM2M2JjN2M0YzAiOnsiY3JlYXRlIjoxODAwMDAwMDAwMDAsImRlbGV0ZSI6MTgwMDAwMDAwMDAwLCJ1cGRhdGUiOjE4MDAwMDAwMDAwMH19",
          "dependencies": [
            "yandex_vpc_network.mynet"
          ]
        }
      ]
    },
    {
      "mode": "managed",
      "type": "yandex_vpc_subnet",
      "name": "mysubnet",
      "provider": "provider[\"registry.terraform.io/yandex-cloud/yandex\"]",
      "instances": [
        {
          "schema_version": 0,
          "attributes": {
            "created_at": "2025-04-10T13:35:39Z",
            "description": "",
            "dhcp_options": [],
            "folder_id": "b1gr31hq6bsesq941vg8",
            "id": "fl88lgdsl5mrnvn37jbd",
            "labels": {},
            "name": "mysubnet",
            "network_id": "enpiga7bh09hoen5qn00",
            "route_table_id": "",
            "timeouts": null,
            "v4_cidr_blocks": [
              "10.5.0.0/24"
            ],
            "v6_cidr_blocks": [],
            "zone": "ru-central1-d"
          },
          "sensitive_attributes": [],
          "private": "eyJlMmJmYjczMC1lY2FhLTExZTYtOGY4OC0zNDM2M2JjN2M0YzAiOnsiY3JlYXRlIjoxODAwMDAwMDAwMDAsImRlbGV0ZSI6MTgwMDAwMDAwMDAwLCJ1cGRhdGUiOjE4MDAwMDAwMDAwMH19",
          "dependencies": [
            "yandex_vpc_network.mynet"
          ]
        }
      ]
    }
  ],
  "check_results": null
}
