{
  "version": 4,
  "terraform_version": "1.11.3",
  "serial": 50,
  "lineage": "e34438d5-984a-9a88-616f-80bca628a158",
  "outputs": {},
  "resources": [
    {
      "mode": "managed",
      "type": "yandex_container_registry",
      "name": "my-reg",
      "provider": "provider[\"registry.terraform.io/yandex-cloud/yandex\"]",
      "instances": [
        {
          "schema_version": 0,
          "attributes": {
            "created_at": "2025-04-09T11:04:53Z",
            "folder_id": "b1gr31hq6bsesq941vg8",
            "id": "crpt2deor8ptj187bkie",
            "labels": null,
            "name": "project-registry",
            "status": "active",
            "timeouts": null
          },
          "sensitive_attributes": [],
          "private": "eyJlMmJmYjczMC1lY2FhLTExZTYtOGY4OC0zNDM2M2JjN2M0YzAiOnsiY3JlYXRlIjo5MDAwMDAwMDAwMDAsImRlbGV0ZSI6OTAwMDAwMDAwMDAwLCJ1cGRhdGUiOjkwMDAwMDAwMDAwMH19"
        }
      ]
    },
    {
      "mode": "managed",
      "type": "yandex_iam_service_account",
      "name": "compute-group-account",
      "provider": "provider[\"registry.terraform.io/yandex-cloud/yandex\"]",
      "instances": [
        {
          "schema_version": 0,
          "attributes": {
            "created_at": "2025-04-09T11:04:53Z",
            "description": "Сервисный аккаунт для управления группой ВМ.",
            "folder_id": "b1gr31hq6bsesq941vg8",
            "id": "ajeou4rimh93t0hu8pei",
            "name": "compute-group-account",
            "timeouts": null
          },
          "sensitive_attributes": [],
          "private": "eyJlMmJmYjczMC1lY2FhLTExZTYtOGY4OC0zNDM2M2JjN2M0YzAiOnsiY3JlYXRlIjo2MDAwMDAwMDAwMCwiZGVsZXRlIjo2MDAwMDAwMDAwMCwidXBkYXRlIjo2MDAwMDAwMDAwMH19"
        }
      ]
    },
    {
      "mode": "managed",
      "type": "yandex_mdb_postgresql_cluster",
      "name": "mypg",
      "provider": "provider[\"registry.terraform.io/yandex-cloud/yandex\"]",
      "instances": [
        {
          "schema_version": 0,
          "attributes": {
            "config": [
              {
                "access": [
                  {
                    "data_lens": false,
                    "data_transfer": false,
                    "serverless": false,
                    "web_sql": false
                  }
                ],
                "autofailover": true,
                "backup_retain_period_days": 7,
                "backup_window_start": [
                  {
                    "hours": 0,
                    "minutes": 0
                  }
                ],
                "disk_size_autoscaling": [
                  {
                    "disk_size_limit": 0,
                    "emergency_usage_threshold": 0,
                    "planned_usage_threshold": 0
                  }
                ],
                "performance_diagnostics": [
                  {
                    "enabled": false,
                    "sessions_sampling_interval": 60,
                    "statements_sampling_interval": 600
                  }
                ],
                "pooler_config": [],
                "postgresql_config": {
                  "auto_explain_log_format": "0",
                  "debug_parallel_query": "0",
                  "password_encryption": "2",
                  "shared_preload_libraries": ""
                },
                "resources": [
                  {
                    "disk_size": 20,
                    "disk_type_id": "network-ssd",
                    "resource_preset_id": "s2.micro"
                  }
                ],
                "version": "17"
              }
            ],
            "created_at": "2025-04-09T11:04:58Z",
            "database": [],
            "deletion_protection": false,
            "description": "",
            "environment": "PRESTABLE",
            "folder_id": "b1gr31hq6bsesq941vg8",
            "health": "HEALTH_UNKNOWN",
            "host": [
              {
                "assign_public_ip": false,
                "fqdn": "rc1d-ekjam57rdm7qrgok.mdb.yandexcloud.net",
                "name": "mypg-host-d",
                "priority": 0,
                "replication_source": "",
                "replication_source_name": "",
                "role": "MASTER",
                "subnet_id": "fl8nq146mad5l0gj8det",
                "zone": "ru-central1-d"
              }
            ],
            "host_group_ids": [],
            "host_master_name": "mypg-host-d",
            "id": "c9q43akj8p5co4lpe5j9",
            "labels": {},
            "maintenance_window": [
              {
                "day": "",
                "hour": 0,
                "type": "ANYTIME"
              }
            ],
            "name": "mypg",
            "network_id": "enpuis2vvnhtl2ema516",
            "restore": [],
            "security_group_ids": [
              "enp2vvg8e3kn6qrt35uo"
            ],
            "status": "RUNNING",
            "timeouts": null,
            "user": []
          },
          "sensitive_attributes": [],
          "private": "eyJlMmJmYjczMC1lY2FhLTExZTYtOGY4OC0zNDM2M2JjN2M0YzAiOnsiY3JlYXRlIjoxODAwMDAwMDAwMDAwLCJkZWxldGUiOjkwMDAwMDAwMDAwMCwidXBkYXRlIjozNjAwMDAwMDAwMDAwfX0=",
          "dependencies": [
            "yandex_vpc_network.mynet",
            "yandex_vpc_security_group.pgsql-sg",
            "yandex_vpc_subnet.mysubnet"
          ]
        }
      ]
    },
    {
      "mode": "managed",
      "type": "yandex_mdb_postgresql_database",
      "name": "db1",
      "provider": "provider[\"registry.terraform.io/yandex-cloud/yandex\"]",
      "instances": [
        {
          "schema_version": 0,
          "attributes": {
            "cluster_id": "c9q43akj8p5co4lpe5j9",
            "deletion_protection": "unspecified",
            "extension": [],
            "id": "c9q43akj8p5co4lpe5j9:db1",
            "lc_collate": "C",
            "lc_type": "C",
            "name": "db1",
            "owner": "user1",
            "template_db": "",
            "timeouts": null
          },
          "sensitive_attributes": [],
          "private": "eyJlMmJmYjczMC1lY2FhLTExZTYtOGY4OC0zNDM2M2JjN2M0YzAiOnsiY3JlYXRlIjo2MDAwMDAwMDAwMDAsImRlbGV0ZSI6NjAwMDAwMDAwMDAwLCJyZWFkIjo2MDAwMDAwMDAwMCwidXBkYXRlIjo2MDAwMDAwMDAwMDB9fQ==",
          "dependencies": [
            "yandex_mdb_postgresql_cluster.mypg",
            "yandex_mdb_postgresql_user.user1",
            "yandex_vpc_network.mynet",
            "yandex_vpc_security_group.pgsql-sg",
            "yandex_vpc_subnet.mysubnet"
          ]
        }
      ]
    },
    {
      "mode": "managed",
      "type": "yandex_mdb_postgresql_user",
      "name": "user1",
      "provider": "provider[\"registry.terraform.io/yandex-cloud/yandex\"]",
      "instances": [
        {
          "schema_version": 0,
          "attributes": {
            "cluster_id": "c9q43akj8p5co4lpe5j9",
            "conn_limit": 50,
            "connection_manager": null,
            "deletion_protection": "unspecified",
            "generate_password": false,
            "grants": null,
            "id": "c9q43akj8p5co4lpe5j9:user1",
            "login": true,
            "name": "user1",
            "password": "user1user1",
            "permission": [],
            "settings": null,
            "timeouts": null
          },
          "sensitive_attributes": [
            [
              {
                "type": "get_attr",
                "value": "password"
              }
            ]
          ],
          "private": "eyJlMmJmYjczMC1lY2FhLTExZTYtOGY4OC0zNDM2M2JjN2M0YzAiOnsiY3JlYXRlIjo2MDAwMDAwMDAwMDAsImRlbGV0ZSI6NjAwMDAwMDAwMDAwLCJyZWFkIjo2MDAwMDAwMDAwMCwidXBkYXRlIjo2MDAwMDAwMDAwMDB9fQ==",
          "dependencies": [
            "yandex_mdb_postgresql_cluster.mypg",
            "yandex_vpc_network.mynet",
            "yandex_vpc_security_group.pgsql-sg",
            "yandex_vpc_subnet.mysubnet"
          ]
        }
      ]
    },
    {
      "mode": "managed",
      "type": "yandex_resourcemanager_folder_iam_member",
      "name": "compute-admin",
      "provider": "provider[\"registry.terraform.io/yandex-cloud/yandex\"]",
      "instances": [
        {
          "schema_version": 0,
          "attributes": {
            "folder_id": "b1gr31hq6bsesq941vg8",
            "id": "b1gr31hq6bsesq941vg8/compute.admin/serviceAccount:ajeou4rimh93t0hu8pei",
            "member": "serviceAccount:ajeou4rimh93t0hu8pei",
            "role": "compute.admin",
            "sleep_after": null,
            "timeouts": null
          },
          "sensitive_attributes": [],
          "private": "eyJlMmJmYjczMC1lY2FhLTExZTYtOGY4OC0zNDM2M2JjN2M0YzAiOnsiY3JlYXRlIjo2MDAwMDAwMDAwMCwiZGVmYXVsdCI6NjAwMDAwMDAwMDAsImRlbGV0ZSI6NjAwMDAwMDAwMDAsInJlYWQiOjYwMDAwMDAwMDAwLCJ1cGRhdGUiOjYwMDAwMDAwMDAwfX0=",
          "dependencies": [
            "yandex_iam_service_account.compute-group-account"
          ]
        }
      ]
    },
    {
      "mode": "managed",
      "type": "yandex_vpc_network",
      "name": "mynet",
      "provider": "provider[\"registry.terraform.io/yandex-cloud/yandex\"]",
      "instances": [
        {
          "schema_version": 0,
          "attributes": {
            "created_at": "2025-04-09T11:04:53Z",
            "default_security_group_id": "enpuhkco2gb6045mam7b",
            "description": "",
            "folder_id": "b1gr31hq6bsesq941vg8",
            "id": "enpuis2vvnhtl2ema516",
            "labels": {},
            "name": "mynet",
            "subnet_ids": [],
            "timeouts": null
          },
          "sensitive_attributes": [],
          "private": "eyJlMmJmYjczMC1lY2FhLTExZTYtOGY4OC0zNDM2M2JjN2M0YzAiOnsiY3JlYXRlIjo2MDAwMDAwMDAwMCwiZGVsZXRlIjo2MDAwMDAwMDAwMCwidXBkYXRlIjo2MDAwMDAwMDAwMH19"
        }
      ]
    },
    {
      "mode": "managed",
      "type": "yandex_vpc_security_group",
      "name": "pgsql-sg",
      "provider": "provider[\"registry.terraform.io/yandex-cloud/yandex\"]",
      "instances": [
        {
          "schema_version": 0,
          "attributes": {
            "created_at": "2025-04-09T11:04:57Z",
            "description": "",
            "egress": [],
            "folder_id": "b1gr31hq6bsesq941vg8",
            "id": "enp2vvg8e3kn6qrt35uo",
            "ingress": [
              {
                "description": "PostgreSQL",
                "from_port": -1,
                "id": "enpjhbl5j75t4dtoio4i",
                "labels": {},
                "port": 6432,
                "predefined_target": "",
                "protocol": "TCP",
                "security_group_id": "",
                "to_port": -1,
                "v4_cidr_blocks": [
                  "0.0.0.0/0"
                ],
                "v6_cidr_blocks": []
              }
            ],
            "labels": {},
            "name": "pgsql-sg",
            "network_id": "enpuis2vvnhtl2ema516",
            "status": "ACTIVE",
            "timeouts": null
          },
          "sensitive_attributes": [],
          "private": "eyJlMmJmYjczMC1lY2FhLTExZTYtOGY4OC0zNDM2M2JjN2M0YzAiOnsiY3JlYXRlIjoxODAwMDAwMDAwMDAsImRlbGV0ZSI6MTgwMDAwMDAwMDAwLCJ1cGRhdGUiOjE4MDAwMDAwMDAwMH19",
          "dependencies": [
            "yandex_vpc_network.mynet"
          ]
        }
      ]
    },
    {
      "mode": "managed",
      "type": "yandex_vpc_subnet",
      "name": "mysubnet",
      "provider": "provider[\"registry.terraform.io/yandex-cloud/yandex\"]",
      "instances": [
        {
          "schema_version": 0,
          "attributes": {
            "created_at": "2025-04-09T11:04:55Z",
            "description": "",
            "dhcp_options": [],
            "folder_id": "b1gr31hq6bsesq941vg8",
            "id": "fl8nq146mad5l0gj8det",
            "labels": {},
            "name": "mysubnet",
            "network_id": "enpuis2vvnhtl2ema516",
            "route_table_id": "",
            "timeouts": null,
            "v4_cidr_blocks": [
              "10.5.0.0/24"
            ],
            "v6_cidr_blocks": [],
            "zone": "ru-central1-d"
          },
          "sensitive_attributes": [],
          "private": "eyJlMmJmYjczMC1lY2FhLTExZTYtOGY4OC0zNDM2M2JjN2M0YzAiOnsiY3JlYXRlIjoxODAwMDAwMDAwMDAsImRlbGV0ZSI6MTgwMDAwMDAwMDAwLCJ1cGRhdGUiOjE4MDAwMDAwMDAwMH19",
          "dependencies": [
            "yandex_vpc_network.mynet"
          ]
        }
      ]
    }
  ],
  "check_results": null
}
