{
  "version": 4,
  "terraform_version": "1.11.3",
  "serial": 230,
  "lineage": "e34438d5-984a-9a88-616f-80bca628a158",
  "outputs": {},
  "resources": [
    {
      "mode": "managed",
      "type": "yandex_compute_disk",
      "name": "project-disk",
      "provider": "provider[\"registry.terraform.io/yandex-cloud/yandex\"]",
      "instances": [
        {
          "schema_version": 0,
          "attributes": {
            "allow_recreate": null,
            "block_size": 4096,
            "created_at": "2025-04-12T05:46:27Z",
            "description": "",
            "disk_placement_policy": [
              {
                "disk_placement_group_id": ""
              }
            ],
            "folder_id": "b1gr31hq6bsesq941vg8",
            "hardware_generation": [
              {
                "generation2_features": [],
                "legacy_features": [
                  {
                    "pci_topology": "PCI_TOPOLOGY_V1"
                  }
                ]
              }
            ],
            "id": "fv484a80pc9pekc0npuj",
            "image_id": "fd8pfd17g205ujpmpb0a",
            "kms_key_id": null,
            "labels": null,
            "name": "project-disk",
            "product_ids": [
              "f2ef51ulv1d0ln6u6k1c"
            ],
            "size": 20,
            "snapshot_id": "",
            "status": "ready",
            "timeouts": null,
            "type": "network-ssd",
            "zone": "ru-central1-d"
          },
          "sensitive_attributes": [],
          "private": "eyJlMmJmYjczMC1lY2FhLTExZTYtOGY4OC0zNDM2M2JjN2M0YzAiOnsiY3JlYXRlIjozMDAwMDAwMDAwMDAsImRlbGV0ZSI6MzAwMDAwMDAwMDAwLCJ1cGRhdGUiOjMwMDAwMDAwMDAwMH19"
        }
      ]
    },
    {
      "mode": "managed",
      "type": "yandex_compute_instance",
      "name": "vm",
      "provider": "provider[\"registry.terraform.io/yandex-cloud/yandex\"]",
      "instances": [
        {
          "schema_version": 1,
          "attributes": {
            "allow_recreate": null,
            "allow_stopping_for_update": true,
            "boot_disk": [
              {
                "auto_delete": true,
                "device_name": "fv484a80pc9pekc0npuj",
                "disk_id": "fv484a80pc9pekc0npuj",
                "initialize_params": [
                  {
                    "block_size": 4096,
                    "description": "",
                    "image_id": "fd8pfd17g205ujpmpb0a",
                    "kms_key_id": "",
                    "name": "project-disk",
                    "size": 20,
                    "snapshot_id": "",
                    "type": "network-ssd"
                  }
                ],
                "mode": "READ_WRITE"
              }
            ],
            "created_at": "2025-04-12T05:46:42Z",
            "description": "",
            "filesystem": [],
            "folder_id": "b1gr31hq6bsesq941vg8",
            "fqdn": "fv4fd4mmh5qhcstpo329.auto.internal",
            "gpu_cluster_id": "",
            "hardware_generation": [
              {
                "generation2_features": [],
                "legacy_features": [
                  {
                    "pci_topology": "PCI_TOPOLOGY_V1"
                  }
                ]
              }
            ],
            "hostname": "",
            "id": "fv4fd4mmh5qhcstpo329",
            "labels": null,
            "local_disk": [],
            "maintenance_grace_period": "",
            "maintenance_policy": null,
            "metadata": {
              "ssh-keys": "cepib:ssh-rsa AAAAB3NzaC1yc2EAAAADAQABAAABgQDTtIwz/3tExIclIYWscZw/YmvO0W56KgYKSuyA7EvzqylMpwjtFxT038SJXPHScrXn7yRqVdQmkjRjHGg0G9e1BMG4+/3/DRjbsOaxfqOQhjoSznEMgJKZncQgcaefPtjhnBId6lepqJFVEjNyrsv4pGVdmBYCxsv7EQVSJzT8nwoknACJyXJsp+OJuIjyZpuiEI3vUM+i4XwKDSLRkZXE/mgYh51S9gAys6OClKcBb77Fyd4MEWtzR0lBuVXCObKo/Bxj7ZBR7dSlPg8eXh3JqdzPTRimX5HM/Ojxi8aGwIBW7nEt6e5v4KHh+KBHK6//S5LolgkdqW1RQHZlBMgaV/LQs+JQ1Fw4qM9EPrp2MDj7v4V+iaJmRYXxDXhH6VkpRgQ9jOni1JOV6TDrnUyZxqqwNCxrgt1uYWMZ3IXqT/gmcHKtY1b+VlO7h0hbh/3tY20dZLpsvsmKNJZKBNlR0UcLRsjlpVWD8uZr086resDmD5yxXjIu++jT5ZiNi7M="
            },
            "metadata_options": [
              {
                "aws_v1_http_endpoint": 1,
                "aws_v1_http_token": 2,
                "gce_http_endpoint": 1,
                "gce_http_token": 1
              }
            ],
            "name": "linux-vm",
            "network_acceleration_type": "standard",
            "network_interface": [
              {
                "dns_record": [],
                "index": 0,
                "ip_address": "10.130.0.11",
                "ipv4": true,
                "ipv6": false,
                "ipv6_address": "",
                "ipv6_dns_record": [],
                "mac_address": "d0:0d:f6:92:d6:89",
                "nat": true,
                "nat_dns_record": [],
                "nat_ip_address": "158.160.164.118",
                "nat_ip_version": "IPV4",
                "security_group_ids": [],
                "subnet_id": "fl8m0qdgdj72vks08ruv"
              }
            ],
            "placement_policy": [
              {
                "host_affinity_rules": [],
                "placement_group_id": "",
                "placement_group_partition": 0
              }
            ],
            "platform_id": "standard-v3",
            "resources": [
              {
                "core_fraction": 100,
                "cores": 2,
                "gpus": 0,
                "memory": 2
              }
            ],
            "scheduling_policy": [
              {
                "preemptible": false
              }
            ],
            "secondary_disk": [],
            "service_account_id": "",
            "status": "running",
            "timeouts": null,
            "zone": "ru-central1-d"
          },
          "sensitive_attributes": [],
          "private": "eyJlMmJmYjczMC1lY2FhLTExZTYtOGY4OC0zNDM2M2JjN2M0YzAiOnsiY3JlYXRlIjozMDAwMDAwMDAwMDAsImRlbGV0ZSI6MzAwMDAwMDAwMDAwLCJ1cGRhdGUiOjMwMDAwMDAwMDAwMH0sInNjaGVtYV92ZXJzaW9uIjoiMSJ9",
          "dependencies": [
            "yandex_compute_disk.project-disk",
            "yandex_vpc_network.project-net",
            "yandex_vpc_subnet.project-subnet-d"
          ]
        }
      ]
    },
    {
      "mode": "managed",
      "type": "yandex_compute_instance_group",
      "name": "ig-1",
      "provider": "provider[\"registry.terraform.io/yandex-cloud/yandex\"]",
      "instances": [
        {
          "schema_version": 0,
          "attributes": {
            "allocation_policy": [
              {
                "instance_tags_pool": [],
                "zones": [
                  "ru-central1-d"
                ]
              }
            ],
            "application_load_balancer": [],
            "created_at": "2025-04-12T05:46:30Z",
            "deletion_protection": false,
            "deploy_policy": [
              {
                "max_creating": 0,
                "max_deleting": 0,
                "max_expansion": 1,
                "max_unavailable": 1,
                "startup_duration": 0,
                "strategy": "proactive"
              }
            ],
            "description": "",
            "folder_id": "b1gr31hq6bsesq941vg8",
            "health_check": [],
            "id": "cl1s105b04gnoh3kljb8",
            "instance_template": [
              {
                "boot_disk": [
                  {
                    "device_name": "",
                    "disk_id": "",
                    "initialize_params": [
                      {
                        "description": "",
                        "image_id": "fd8pfd17g205ujpmpb0a",
                        "size": 10,
                        "snapshot_id": "",
                        "type": "network-hdd"
                      }
                    ],
                    "mode": "READ_WRITE",
                    "name": ""
                  }
                ],
                "description": "",
                "filesystem": [],
                "hostname": "",
                "labels": {},
                "metadata": {
                  "ssh-keys": "cepib:ssh-rsa AAAAB3NzaC1yc2EAAAADAQABAAABgQDTtIwz/3tExIclIYWscZw/YmvO0W56KgYKSuyA7EvzqylMpwjtFxT038SJXPHScrXn7yRqVdQmkjRjHGg0G9e1BMG4+/3/DRjbsOaxfqOQhjoSznEMgJKZncQgcaefPtjhnBId6lepqJFVEjNyrsv4pGVdmBYCxsv7EQVSJzT8nwoknACJyXJsp+OJuIjyZpuiEI3vUM+i4XwKDSLRkZXE/mgYh51S9gAys6OClKcBb77Fyd4MEWtzR0lBuVXCObKo/Bxj7ZBR7dSlPg8eXh3JqdzPTRimX5HM/Ojxi8aGwIBW7nEt6e5v4KHh+KBHK6//S5LolgkdqW1RQHZlBMgaV/LQs+JQ1Fw4qM9EPrp2MDj7v4V+iaJmRYXxDXhH6VkpRgQ9jOni1JOV6TDrnUyZxqqwNCxrgt1uYWMZ3IXqT/gmcHKtY1b+VlO7h0hbh/3tY20dZLpsvsmKNJZKBNlR0UcLRsjlpVWD8uZr086resDmD5yxXjIu++jT5ZiNi7M="
                },
                "metadata_options": [
                  {
                    "aws_v1_http_endpoint": 0,
                    "aws_v1_http_token": 0,
                    "gce_http_endpoint": 0,
                    "gce_http_token": 0
                  }
                ],
                "name": "",
                "network_interface": [
                  {
                    "dns_record": [],
                    "ip_address": "",
                    "ipv4": true,
                    "ipv6": false,
                    "ipv6_address": "",
                    "ipv6_dns_record": [],
                    "nat": true,
                    "nat_dns_record": [],
                    "nat_ip_address": "",
                    "network_id": "enpcv8ub4fot4i6rh409",
                    "security_group_ids": null,
                    "subnet_ids": [
                      "fl8m0qdgdj72vks08ruv"
                    ]
                  }
                ],
                "network_settings": [],
                "placement_policy": [],
                "platform_id": "standard-v3",
                "resources": [
                  {
                    "core_fraction": 100,
                    "cores": 4,
                    "gpus": 0,
                    "memory": 4
                  }
                ],
                "scheduling_policy": [
                  {
                    "preemptible": false
                  }
                ],
                "secondary_disk": [],
                "service_account_id": ""
              }
            ],
            "instances": [
              {
                "fqdn": "cl1s105b04gnoh3kljb8-ewim.ru-central1.internal",
                "instance_id": "fv45cnlpl364aoekc229",
                "instance_tag": "",
                "name": "cl1s105b04gnoh3kljb8-ewim",
                "network_interface": [
                  {
                    "index": 0,
                    "ip_address": "10.130.0.21",
                    "ipv4": true,
                    "ipv6": false,
                    "ipv6_address": "",
                    "mac_address": "d0:0d:56:5e:b9:a8",
                    "nat": true,
                    "nat_ip_address": "158.160.134.116",
                    "nat_ip_version": "IPV4",
                    "subnet_id": "fl8m0qdgdj72vks08ruv"
                  }
                ],
                "status": "RUNNING_ACTUAL",
                "status_changed_at": "2025-04-12T05:47:14Z",
                "status_message": "",
                "zone_id": "ru-central1-d"
              },
              {
                "fqdn": "cl1s105b04gnoh3kljb8-otoz.ru-central1.internal",
                "instance_id": "fv4900cdd7nonceef92f",
                "instance_tag": "",
                "name": "cl1s105b04gnoh3kljb8-otoz",
                "network_interface": [
                  {
                    "index": 0,
                    "ip_address": "10.130.0.12",
                    "ipv4": true,
                    "ipv6": false,
                    "ipv6_address": "",
                    "mac_address": "d0:0d:90:01:8d:69",
                    "nat": true,
                    "nat_ip_address": "158.160.140.44",
                    "nat_ip_version": "IPV4",
                    "subnet_id": "fl8m0qdgdj72vks08ruv"
                  }
                ],
                "status": "RUNNING_ACTUAL",
                "status_changed_at": "2025-04-12T05:47:12Z",
                "status_message": "",
                "zone_id": "ru-central1-d"
              },
              {
                "fqdn": "cl1s105b04gnoh3kljb8-ibug.ru-central1.internal",
                "instance_id": "fv469g883647jh9e05fe",
                "instance_tag": "",
                "name": "cl1s105b04gnoh3kljb8-ibug",
                "network_interface": [
                  {
                    "index": 0,
                    "ip_address": "10.130.0.20",
                    "ipv4": true,
                    "ipv6": false,
                    "ipv6_address": "",
                    "mac_address": "d0:0d:64:c1:08:19",
                    "nat": true,
                    "nat_ip_address": "158.160.159.34",
                    "nat_ip_version": "IPV4",
                    "subnet_id": "fl8m0qdgdj72vks08ruv"
                  }
                ],
                "status": "RUNNING_ACTUAL",
                "status_changed_at": "2025-04-12T05:47:26Z",
                "status_message": "",
                "zone_id": "ru-central1-d"
              }
            ],
            "labels": null,
            "load_balancer": [
              {
                "ignore_health_checks": false,
                "max_opening_traffic_duration": 0,
                "status_message": "",
                "target_group_description": "Целевая группа Network Load Balancer",
                "target_group_id": "enphc3vkoa2cjcsju2f0",
                "target_group_labels": null,
                "target_group_name": "target-group"
              }
            ],
            "max_checking_health_duration": null,
            "name": "project-instance-group",
            "scale_policy": [
              {
                "auto_scale": [],
                "fixed_scale": [
                  {
                    "size": 3
                  }
                ],
                "test_auto_scale": []
              }
            ],
            "service_account_id": "ajedk3jflri3hp4f3sc7",
            "status": "ACTIVE",
            "timeouts": null,
            "variables": null
          },
          "sensitive_attributes": [],
          "private": "eyJlMmJmYjczMC1lY2FhLTExZTYtOGY4OC0zNDM2M2JjN2M0YzAiOnsiY3JlYXRlIjoxODAwMDAwMDAwMDAwLCJkZWxldGUiOjE4MDAwMDAwMDAwMDAsInVwZGF0ZSI6MTgwMDAwMDAwMDAwMH19",
          "dependencies": [
            "yandex_vpc_network.project-net",
            "yandex_vpc_subnet.project-subnet-d"
          ]
        }
      ]
    },
    {
      "mode": "managed",
      "type": "yandex_container_registry",
      "name": "my-reg",
      "provider": "provider[\"registry.terraform.io/yandex-cloud/yandex\"]",
      "instances": [
        {
          "schema_version": 0,
          "attributes": {
            "created_at": "2025-04-12T05:46:27Z",
            "folder_id": "b1gr31hq6bsesq941vg8",
            "id": "crpsf165ovj70v9qpegi",
            "labels": null,
            "name": "project-registry",
            "status": "active",
            "timeouts": null
          },
          "sensitive_attributes": [],
          "private": "eyJlMmJmYjczMC1lY2FhLTExZTYtOGY4OC0zNDM2M2JjN2M0YzAiOnsiY3JlYXRlIjo5MDAwMDAwMDAwMDAsImRlbGV0ZSI6OTAwMDAwMDAwMDAwLCJ1cGRhdGUiOjkwMDAwMDAwMDAwMH19"
        }
      ]
    },
    {
      "mode": "managed",
      "type": "yandex_lb_network_load_balancer",
      "name": "lb-1",
      "provider": "provider[\"registry.terraform.io/yandex-cloud/yandex\"]",
      "instances": [
        {
          "schema_version": 0,
          "attributes": {
            "allow_zonal_shift": false,
            "attached_target_group": [
              {
                "healthcheck": [
                  {
                    "healthy_threshold": 2,
                    "http_options": [],
                    "interval": 2,
                    "name": "tcp",
                    "tcp_options": [
                      {
                        "port": 22
                      }
                    ],
                    "timeout": 1,
                    "unhealthy_threshold": 2
                  }
                ],
                "target_group_id": "enphc3vkoa2cjcsju2f0"
              }
            ],
            "created_at": "2025-04-12T05:47:27Z",
            "deletion_protection": false,
            "description": "",
            "folder_id": "b1gr31hq6bsesq941vg8",
            "id": "enp9in3je6stitf3c0df",
            "labels": null,
            "listener": [
              {
                "external_address_spec": [
                  {
                    "address": "158.160.130.89",
                    "ip_version": "ipv4"
                  }
                ],
                "internal_address_spec": [],
                "name": "network-load-balancer-1-listener",
                "port": 80,
                "protocol": "tcp",
                "target_port": 80
              }
            ],
            "name": "network-load-balancer-1",
            "region_id": "ru-central1",
            "timeouts": null,
            "type": "external"
          },
          "sensitive_attributes": [],
          "private": "eyJlMmJmYjczMC1lY2FhLTExZTYtOGY4OC0zNDM2M2JjN2M0YzAiOnsiY3JlYXRlIjozMDAwMDAwMDAwMDAsImRlbGV0ZSI6MzAwMDAwMDAwMDAwLCJ1cGRhdGUiOjMwMDAwMDAwMDAwMH19",
          "dependencies": [
            "yandex_compute_instance_group.ig-1",
            "yandex_vpc_address.addr",
            "yandex_vpc_network.project-net",
            "yandex_vpc_subnet.project-subnet-d"
          ]
        }
      ]
    },
    {
      "mode": "managed",
      "type": "yandex_mdb_postgresql_cluster",
      "name": "project-pg",
      "provider": "provider[\"registry.terraform.io/yandex-cloud/yandex\"]",
      "instances": [
        {
          "schema_version": 0,
          "attributes": {
            "config": [
              {
                "access": [
                  {
                    "data_lens": false,
                    "data_transfer": false,
                    "serverless": false,
                    "web_sql": false
                  }
                ],
                "autofailover": true,
                "backup_retain_period_days": 7,
                "backup_window_start": [
                  {
                    "hours": 0,
                    "minutes": 0
                  }
                ],
                "disk_size_autoscaling": [
                  {
                    "disk_size_limit": 0,
                    "emergency_usage_threshold": 0,
                    "planned_usage_threshold": 0
                  }
                ],
                "performance_diagnostics": [
                  {
                    "enabled": false,
                    "sessions_sampling_interval": 60,
                    "statements_sampling_interval": 600
                  }
                ],
                "pooler_config": [],
                "postgresql_config": {
                  "auto_explain_log_format": "0",
                  "debug_parallel_query": "0",
                  "password_encryption": "2",
                  "shared_preload_libraries": ""
                },
                "resources": [
                  {
                    "disk_size": 50,
                    "disk_type_id": "network-ssd",
                    "resource_preset_id": "s2.micro"
                  }
                ],
                "version": "17"
              }
            ],
            "created_at": "2025-04-12T05:46:31Z",
            "database": [],
            "deletion_protection": false,
            "description": "",
            "environment": "PRODUCTION",
            "folder_id": "b1gr31hq6bsesq941vg8",
            "health": "HEALTH_UNKNOWN",
            "host": [
              {
                "assign_public_ip": false,
                "fqdn": "rc1d-7jcv1rpp6e8rk4e7.mdb.yandexcloud.net",
                "name": "project-pg-host-d",
                "priority": 0,
                "replication_source": "",
                "replication_source_name": "",
                "role": "MASTER",
                "subnet_id": "fl8m0qdgdj72vks08ruv",
                "zone": "ru-central1-d"
              }
            ],
            "host_group_ids": [],
            "host_master_name": "project-pg-host-d",
            "id": "c9qrtfcc1m6jc06fq3h3",
            "labels": {},
            "maintenance_window": [
              {
                "day": "",
                "hour": 0,
                "type": "ANYTIME"
              }
            ],
            "name": "project-pg",
            "network_id": "enpcv8ub4fot4i6rh409",
            "restore": [],
            "security_group_ids": [
              "enpf1brbjvcbobuode1e"
            ],
            "status": "RUNNING",
            "timeouts": null,
            "user": []
          },
          "sensitive_attributes": [],
          "private": "eyJlMmJmYjczMC1lY2FhLTExZTYtOGY4OC0zNDM2M2JjN2M0YzAiOnsiY3JlYXRlIjoxODAwMDAwMDAwMDAwLCJkZWxldGUiOjkwMDAwMDAwMDAwMCwidXBkYXRlIjozNjAwMDAwMDAwMDAwfX0=",
          "dependencies": [
            "yandex_vpc_network.project-net",
            "yandex_vpc_security_group.pgsql-sg",
            "yandex_vpc_subnet.project-subnet-d"
          ]
        }
      ]
    },
    {
      "mode": "managed",
      "type": "yandex_mdb_postgresql_database",
      "name": "database",
      "provider": "provider[\"registry.terraform.io/yandex-cloud/yandex\"]",
      "instances": [
        {
          "schema_version": 0,
          "attributes": {
            "cluster_id": "c9qrtfcc1m6jc06fq3h3",
            "deletion_protection": "unspecified",
            "extension": [],
            "id": "c9qrtfcc1m6jc06fq3h3:project-db",
            "lc_collate": "C",
            "lc_type": "C",
            "name": "project-db",
            "owner": "project",
            "template_db": "",
            "timeouts": null
          },
          "sensitive_attributes": [],
          "private": "eyJlMmJmYjczMC1lY2FhLTExZTYtOGY4OC0zNDM2M2JjN2M0YzAiOnsiY3JlYXRlIjo2MDAwMDAwMDAwMDAsImRlbGV0ZSI6NjAwMDAwMDAwMDAwLCJyZWFkIjo2MDAwMDAwMDAwMCwidXBkYXRlIjo2MDAwMDAwMDAwMDB9fQ==",
          "dependencies": [
            "yandex_mdb_postgresql_cluster.project-pg",
            "yandex_mdb_postgresql_user.project",
            "yandex_vpc_network.project-net",
            "yandex_vpc_security_group.pgsql-sg",
            "yandex_vpc_subnet.project-subnet-d"
          ]
        }
      ]
    },
    {
      "mode": "managed",
      "type": "yandex_mdb_postgresql_user",
      "name": "project",
      "provider": "provider[\"registry.terraform.io/yandex-cloud/yandex\"]",
      "instances": [
        {
          "schema_version": 0,
          "attributes": {
            "cluster_id": "c9qrtfcc1m6jc06fq3h3",
            "conn_limit": 50,
            "connection_manager": null,
            "deletion_protection": "unspecified",
            "generate_password": false,
            "grants": null,
            "id": "c9qrtfcc1m6jc06fq3h3:project",
            "login": true,
            "name": "project",
            "password": "MySecurePassword123!",
            "permission": [],
            "settings": null,
            "timeouts": null
          },
          "sensitive_attributes": [
            [
              {
                "type": "get_attr",
                "value": "password"
              }
            ]
          ],
          "private": "eyJlMmJmYjczMC1lY2FhLTExZTYtOGY4OC0zNDM2M2JjN2M0YzAiOnsiY3JlYXRlIjo2MDAwMDAwMDAwMDAsImRlbGV0ZSI6NjAwMDAwMDAwMDAwLCJyZWFkIjo2MDAwMDAwMDAwMCwidXBkYXRlIjo2MDAwMDAwMDAwMDB9fQ==",
          "dependencies": [
            "yandex_mdb_postgresql_cluster.project-pg",
            "yandex_vpc_network.project-net",
            "yandex_vpc_security_group.pgsql-sg",
            "yandex_vpc_subnet.project-subnet-d"
          ]
        }
      ]
    },
    {
      "mode": "managed",
      "type": "yandex_vpc_address",
      "name": "addr",
      "provider": "provider[\"registry.terraform.io/yandex-cloud/yandex\"]",
      "instances": [
        {
          "schema_version": 0,
          "attributes": {
            "created_at": "2025-04-12T05:46:28Z",
            "deletion_protection": false,
            "description": "",
            "dns_record": [],
            "external_ipv4_address": [
              {
                "address": "158.160.130.89",
                "ddos_protection_provider": "",
                "outgoing_smtp_capability": "",
                "zone_id": "ru-central1-d"
              }
            ],
            "folder_id": "b1gr31hq6bsesq941vg8",
            "id": "fl85ke5ag0mn6n9anf7a",
            "labels": {},
            "name": "project-ip",
            "reserved": true,
            "timeouts": null,
            "used": false
          },
          "sensitive_attributes": [],
          "private": "eyJlMmJmYjczMC1lY2FhLTExZTYtOGY4OC0zNDM2M2JjN2M0YzAiOnsiY3JlYXRlIjozMDAwMDAwMDAwMCwiZGVsZXRlIjozMDAwMDAwMDAwMCwidXBkYXRlIjozMDAwMDAwMDAwMH19"
        }
      ]
    },
    {
      "mode": "managed",
      "type": "yandex_vpc_network",
      "name": "project-net",
      "provider": "provider[\"registry.terraform.io/yandex-cloud/yandex\"]",
      "instances": [
        {
          "schema_version": 0,
          "attributes": {
            "created_at": "2025-04-12T05:46:27Z",
            "default_security_group_id": "enppt5epkbno4ome5q77",
            "description": "",
            "folder_id": "b1gr31hq6bsesq941vg8",
            "id": "enpcv8ub4fot4i6rh409",
            "labels": {},
            "name": "project-net",
            "subnet_ids": [],
            "timeouts": null
          },
          "sensitive_attributes": [],
          "private": "eyJlMmJmYjczMC1lY2FhLTExZTYtOGY4OC0zNDM2M2JjN2M0YzAiOnsiY3JlYXRlIjo2MDAwMDAwMDAwMCwiZGVsZXRlIjo2MDAwMDAwMDAwMCwidXBkYXRlIjo2MDAwMDAwMDAwMH19"
        }
      ]
    },
    {
      "mode": "managed",
      "type": "yandex_vpc_security_group",
      "name": "pgsql-sg",
      "provider": "provider[\"registry.terraform.io/yandex-cloud/yandex\"]",
      "instances": [
        {
          "schema_version": 0,
          "attributes": {
            "created_at": "2025-04-12T05:46:31Z",
            "description": "",
            "egress": [],
            "folder_id": "b1gr31hq6bsesq941vg8",
            "id": "enpf1brbjvcbobuode1e",
            "ingress": [
              {
                "description": "PostgreSQL",
                "from_port": -1,
                "id": "enp9et558taf4v31l23d",
                "labels": {},
                "port": 6432,
                "predefined_target": "",
                "protocol": "TCP",
                "security_group_id": "",
                "to_port": -1,
                "v4_cidr_blocks": [
                  "0.0.0.0/0"
                ],
                "v6_cidr_blocks": []
              }
            ],
            "labels": {},
            "name": "pgsql-sg",
            "network_id": "enpcv8ub4fot4i6rh409",
            "status": "ACTIVE",
            "timeouts": null
          },
          "sensitive_attributes": [],
          "private": "eyJlMmJmYjczMC1lY2FhLTExZTYtOGY4OC0zNDM2M2JjN2M0YzAiOnsiY3JlYXRlIjoxODAwMDAwMDAwMDAsImRlbGV0ZSI6MTgwMDAwMDAwMDAwLCJ1cGRhdGUiOjE4MDAwMDAwMDAwMH19",
          "dependencies": [
            "yandex_vpc_network.project-net"
          ]
        }
      ]
    },
    {
      "mode": "managed",
      "type": "yandex_vpc_subnet",
      "name": "project-subnet-a",
      "provider": "provider[\"registry.terraform.io/yandex-cloud/yandex\"]",
      "instances": [
        {
          "schema_version": 0,
          "attributes": {
            "created_at": "2025-04-12T05:46:30Z",
            "description": "",
            "dhcp_options": [],
            "folder_id": "b1gr31hq6bsesq941vg8",
            "id": "e9bketva216rjk4tkkcl",
            "labels": {},
            "name": "project-subnet-a",
            "network_id": "enpcv8ub4fot4i6rh409",
            "route_table_id": "",
            "timeouts": null,
            "v4_cidr_blocks": [
              "10.128.0.0/24"
            ],
            "v6_cidr_blocks": [],
            "zone": "ru-central1-a"
          },
          "sensitive_attributes": [],
          "private": "eyJlMmJmYjczMC1lY2FhLTExZTYtOGY4OC0zNDM2M2JjN2M0YzAiOnsiY3JlYXRlIjoxODAwMDAwMDAwMDAsImRlbGV0ZSI6MTgwMDAwMDAwMDAwLCJ1cGRhdGUiOjE4MDAwMDAwMDAwMH19",
          "dependencies": [
            "yandex_vpc_network.project-net"
          ]
        }
      ]
    },
    {
      "mode": "managed",
      "type": "yandex_vpc_subnet",
      "name": "project-subnet-b",
      "provider": "provider[\"registry.terraform.io/yandex-cloud/yandex\"]",
      "instances": [
        {
          "schema_version": 0,
          "attributes": {
            "created_at": "2025-04-12T05:46:30Z",
            "description": "",
            "dhcp_options": [],
            "folder_id": "b1gr31hq6bsesq941vg8",
            "id": "e2lgrgabs3hm9pgls4et",
            "labels": {},
            "name": "project-subnet-b",
            "network_id": "enpcv8ub4fot4i6rh409",
            "route_table_id": "",
            "timeouts": null,
            "v4_cidr_blocks": [
              "10.129.0.0/24"
            ],
            "v6_cidr_blocks": [],
            "zone": "ru-central1-b"
          },
          "sensitive_attributes": [],
          "private": "eyJlMmJmYjczMC1lY2FhLTExZTYtOGY4OC0zNDM2M2JjN2M0YzAiOnsiY3JlYXRlIjoxODAwMDAwMDAwMDAsImRlbGV0ZSI6MTgwMDAwMDAwMDAwLCJ1cGRhdGUiOjE4MDAwMDAwMDAwMH19",
          "dependencies": [
            "yandex_vpc_network.project-net"
          ]
        }
      ]
    },
    {
      "mode": "managed",
      "type": "yandex_vpc_subnet",
      "name": "project-subnet-d",
      "provider": "provider[\"registry.terraform.io/yandex-cloud/yandex\"]",
      "instances": [
        {
          "schema_version": 0,
          "attributes": {
            "created_at": "2025-04-12T05:46:29Z",
            "description": "",
            "dhcp_options": [],
            "folder_id": "b1gr31hq6bsesq941vg8",
            "id": "fl8m0qdgdj72vks08ruv",
            "labels": {},
            "name": "project-subnet-d",
            "network_id": "enpcv8ub4fot4i6rh409",
            "route_table_id": "",
            "timeouts": null,
            "v4_cidr_blocks": [
              "10.130.0.0/24"
            ],
            "v6_cidr_blocks": [],
            "zone": "ru-central1-d"
          },
          "sensitive_attributes": [],
          "private": "eyJlMmJmYjczMC1lY2FhLTExZTYtOGY4OC0zNDM2M2JjN2M0YzAiOnsiY3JlYXRlIjoxODAwMDAwMDAwMDAsImRlbGV0ZSI6MTgwMDAwMDAwMDAwLCJ1cGRhdGUiOjE4MDAwMDAwMDAwMH19",
          "dependencies": [
            "yandex_vpc_network.project-net"
          ]
        }
      ]
    }
  ],
  "check_results": null
}
