{
  "version": 4,
  "terraform_version": "1.11.3",
  "serial": 292,
  "lineage": "e34438d5-984a-9a88-616f-80bca628a158",
  "outputs": {},
  "resources": [
    {
      "mode": "managed",
      "type": "yandex_compute_disk",
      "name": "project-disk",
      "provider": "provider[\"registry.terraform.io/yandex-cloud/yandex\"]",
      "instances": [
        {
          "schema_version": 0,
          "attributes": {
            "allow_recreate": null,
            "block_size": 4096,
            "created_at": "2025-04-13T03:19:04Z",
            "description": "",
            "disk_placement_policy": [
              {
                "disk_placement_group_id": ""
              }
            ],
            "folder_id": "b1gr31hq6bsesq941vg8",
            "hardware_generation": [
              {
                "generation2_features": [],
                "legacy_features": [
                  {
                    "pci_topology": "PCI_TOPOLOGY_V1"
                  }
                ]
              }
            ],
            "id": "fv4i8ksdsobgarsh0o7t",
            "image_id": "fd8pfd17g205ujpmpb0a",
            "kms_key_id": null,
            "labels": {},
            "name": "project-disk",
            "product_ids": [
              "f2ef51ulv1d0ln6u6k1c"
            ],
            "size": 20,
            "snapshot_id": "",
            "status": "ready",
            "timeouts": null,
            "type": "network-ssd",
            "zone": "ru-central1-d"
          },
          "sensitive_attributes": [],
          "private": "eyJlMmJmYjczMC1lY2FhLTExZTYtOGY4OC0zNDM2M2JjN2M0YzAiOnsiY3JlYXRlIjozMDAwMDAwMDAwMDAsImRlbGV0ZSI6MzAwMDAwMDAwMDAwLCJ1cGRhdGUiOjMwMDAwMDAwMDAwMH19"
        }
      ]
    },
    {
      "mode": "managed",
      "type": "yandex_compute_instance",
      "name": "vm",
      "provider": "provider[\"registry.terraform.io/yandex-cloud/yandex\"]",
      "instances": [
        {
          "schema_version": 1,
          "attributes": {
            "allow_recreate": null,
            "allow_stopping_for_update": true,
            "boot_disk": [
              {
                "auto_delete": true,
                "device_name": "fv4i8ksdsobgarsh0o7t",
                "disk_id": "fv4i8ksdsobgarsh0o7t",
                "initialize_params": [
                  {
                    "block_size": 4096,
                    "description": "",
                    "image_id": "fd8pfd17g205ujpmpb0a",
                    "kms_key_id": "",
                    "name": "project-disk",
                    "size": 20,
                    "snapshot_id": "",
                    "type": "network-ssd"
                  }
                ],
                "mode": "READ_WRITE"
              }
            ],
            "created_at": "2025-04-13T03:19:10Z",
            "description": "",
            "filesystem": [],
            "folder_id": "b1gr31hq6bsesq941vg8",
            "fqdn": "fv4p1f8mnpels3osm75a.auto.internal",
            "gpu_cluster_id": "",
            "hardware_generation": [
              {
                "generation2_features": [],
                "legacy_features": [
                  {
                    "pci_topology": "PCI_TOPOLOGY_V1"
                  }
                ]
              }
            ],
            "hostname": "",
            "id": "fv4p1f8mnpels3osm75a",
            "labels": {},
            "local_disk": [],
            "maintenance_grace_period": "",
            "maintenance_policy": null,
            "metadata": {
              "ssh-keys": "cepib:ssh-rsa AAAAB3NzaC1yc2EAAAADAQABAAABgQDTtIwz/3tExIclIYWscZw/YmvO0W56KgYKSuyA7EvzqylMpwjtFxT038SJXPHScrXn7yRqVdQmkjRjHGg0G9e1BMG4+/3/DRjbsOaxfqOQhjoSznEMgJKZncQgcaefPtjhnBId6lepqJFVEjNyrsv4pGVdmBYCxsv7EQVSJzT8nwoknACJyXJsp+OJuIjyZpuiEI3vUM+i4XwKDSLRkZXE/mgYh51S9gAys6OClKcBb77Fyd4MEWtzR0lBuVXCObKo/Bxj7ZBR7dSlPg8eXh3JqdzPTRimX5HM/Ojxi8aGwIBW7nEt6e5v4KHh+KBHK6//S5LolgkdqW1RQHZlBMgaV/LQs+JQ1Fw4qM9EPrp2MDj7v4V+iaJmRYXxDXhH6VkpRgQ9jOni1JOV6TDrnUyZxqqwNCxrgt1uYWMZ3IXqT/gmcHKtY1b+VlO7h0hbh/3tY20dZLpsvsmKNJZKBNlR0UcLRsjlpVWD8uZr086resDmD5yxXjIu++jT5ZiNi7M="
            },
            "metadata_options": [
              {
                "aws_v1_http_endpoint": 1,
                "aws_v1_http_token": 2,
                "gce_http_endpoint": 1,
                "gce_http_token": 1
              }
            ],
            "name": "linux-vm",
            "network_acceleration_type": "standard",
            "network_interface": [
              {
                "dns_record": [],
                "index": 0,
                "ip_address": "10.130.0.31",
                "ipv4": true,
                "ipv6": false,
                "ipv6_address": "",
                "ipv6_dns_record": [],
                "mac_address": "d0:0d:19:0b:d1:6b",
                "nat": true,
                "nat_dns_record": [],
                "nat_ip_address": "51.250.37.17",
                "nat_ip_version": "IPV4",
                "security_group_ids": [],
                "subnet_id": "fl84g01equ7jn7e7tjc2"
              }
            ],
            "placement_policy": [
              {
                "host_affinity_rules": [],
                "placement_group_id": "",
                "placement_group_partition": 0
              }
            ],
            "platform_id": "standard-v3",
            "resources": [
              {
                "core_fraction": 100,
                "cores": 2,
                "gpus": 0,
                "memory": 2
              }
            ],
            "scheduling_policy": [
              {
                "preemptible": false
              }
            ],
            "secondary_disk": [],
            "service_account_id": "",
            "status": "running",
            "timeouts": null,
            "zone": "ru-central1-d"
          },
          "sensitive_attributes": [],
          "private": "eyJlMmJmYjczMC1lY2FhLTExZTYtOGY4OC0zNDM2M2JjN2M0YzAiOnsiY3JlYXRlIjozMDAwMDAwMDAwMDAsImRlbGV0ZSI6MzAwMDAwMDAwMDAwLCJ1cGRhdGUiOjMwMDAwMDAwMDAwMH0sInNjaGVtYV92ZXJzaW9uIjoiMSJ9",
          "dependencies": [
            "yandex_compute_disk.project-disk",
            "yandex_vpc_network.project-net",
            "yandex_vpc_subnet.project-subnet-d"
          ]
        }
      ]
    },
    {
      "mode": "managed",
      "type": "yandex_compute_instance_group",
      "name": "ig-1",
      "provider": "provider[\"registry.terraform.io/yandex-cloud/yandex\"]",
      "instances": [
        {
          "schema_version": 0,
          "attributes": {
            "allocation_policy": [
              {
                "instance_tags_pool": [],
                "zones": [
                  "ru-central1-d"
                ]
              }
            ],
            "application_load_balancer": [],
            "created_at": "2025-04-13T03:19:08Z",
            "deletion_protection": false,
            "deploy_policy": [
              {
                "max_creating": 0,
                "max_deleting": 0,
                "max_expansion": 1,
                "max_unavailable": 1,
                "startup_duration": 0,
                "strategy": "proactive"
              }
            ],
            "description": "",
            "folder_id": "b1gr31hq6bsesq941vg8",
            "health_check": [],
            "id": "cl1s939k73bf32r8pthp",
            "instance_template": [
              {
                "boot_disk": [
                  {
                    "device_name": "",
                    "disk_id": "",
                    "initialize_params": [
                      {
                        "description": "",
                        "image_id": "fd8pfd17g205ujpmpb0a",
                        "size": 10,
                        "snapshot_id": "",
                        "type": "network-hdd"
                      }
                    ],
                    "mode": "READ_WRITE",
                    "name": ""
                  }
                ],
                "description": "",
                "filesystem": [],
                "hostname": "",
                "labels": {},
                "metadata": {
                  "ssh-keys": "cepib:ssh-rsa AAAAB3NzaC1yc2EAAAADAQABAAABgQDTtIwz/3tExIclIYWscZw/YmvO0W56KgYKSuyA7EvzqylMpwjtFxT038SJXPHScrXn7yRqVdQmkjRjHGg0G9e1BMG4+/3/DRjbsOaxfqOQhjoSznEMgJKZncQgcaefPtjhnBId6lepqJFVEjNyrsv4pGVdmBYCxsv7EQVSJzT8nwoknACJyXJsp+OJuIjyZpuiEI3vUM+i4XwKDSLRkZXE/mgYh51S9gAys6OClKcBb77Fyd4MEWtzR0lBuVXCObKo/Bxj7ZBR7dSlPg8eXh3JqdzPTRimX5HM/Ojxi8aGwIBW7nEt6e5v4KHh+KBHK6//S5LolgkdqW1RQHZlBMgaV/LQs+JQ1Fw4qM9EPrp2MDj7v4V+iaJmRYXxDXhH6VkpRgQ9jOni1JOV6TDrnUyZxqqwNCxrgt1uYWMZ3IXqT/gmcHKtY1b+VlO7h0hbh/3tY20dZLpsvsmKNJZKBNlR0UcLRsjlpVWD8uZr086resDmD5yxXjIu++jT5ZiNi7M="
                },
                "metadata_options": [
                  {
                    "aws_v1_http_endpoint": 0,
                    "aws_v1_http_token": 0,
                    "gce_http_endpoint": 0,
                    "gce_http_token": 0
                  }
                ],
                "name": "",
                "network_interface": [
                  {
                    "dns_record": [],
                    "ip_address": "",
                    "ipv4": true,
                    "ipv6": false,
                    "ipv6_address": "",
                    "ipv6_dns_record": [],
                    "nat": true,
                    "nat_dns_record": [],
                    "nat_ip_address": "",
                    "network_id": "enpbpsverc5d4lqksmiq",
                    "security_group_ids": [],
                    "subnet_ids": [
                      "fl84g01equ7jn7e7tjc2"
                    ]
                  }
                ],
                "network_settings": [],
                "placement_policy": [],
                "platform_id": "standard-v3",
                "resources": [
                  {
                    "core_fraction": 100,
                    "cores": 4,
                    "gpus": 0,
                    "memory": 4
                  }
                ],
                "scheduling_policy": [
                  {
                    "preemptible": false
                  }
                ],
                "secondary_disk": [],
                "service_account_id": ""
              }
            ],
            "instances": [
              {
                "fqdn": "cl1s939k73bf32r8pthp-otir.ru-central1.internal",
                "instance_id": "fv40vj15iutfqr5meaa1",
                "instance_tag": "",
                "name": "cl1s939k73bf32r8pthp-otir",
                "network_interface": [
                  {
                    "index": 0,
                    "ip_address": "10.130.0.14",
                    "ipv4": true,
                    "ipv6": false,
                    "ipv6_address": "",
                    "mac_address": "d0:0d:fc:c2:59:7b",
                    "nat": true,
                    "nat_ip_address": "158.160.137.20",
                    "nat_ip_version": "IPV4",
                    "subnet_id": "fl84g01equ7jn7e7tjc2"
                  }
                ],
                "status": "RUNNING_ACTUAL",
                "status_changed_at": "2025-04-13T03:19:45Z",
                "status_message": "",
                "zone_id": "ru-central1-d"
              },
              {
                "fqdn": "cl1s939k73bf32r8pthp-iveg.ru-central1.internal",
                "instance_id": "fv41fl1hhfo5iqsvcood",
                "instance_tag": "",
                "name": "cl1s939k73bf32r8pthp-iveg",
                "network_interface": [
                  {
                    "index": 0,
                    "ip_address": "10.130.0.6",
                    "ipv4": true,
                    "ipv6": false,
                    "ipv6_address": "",
                    "mac_address": "d0:0d:17:d4:31:8b",
                    "nat": true,
                    "nat_ip_address": "158.160.159.247",
                    "nat_ip_version": "IPV4",
                    "subnet_id": "fl84g01equ7jn7e7tjc2"
                  }
                ],
                "status": "RUNNING_ACTUAL",
                "status_changed_at": "2025-04-13T03:19:48Z",
                "status_message": "",
                "zone_id": "ru-central1-d"
              },
              {
                "fqdn": "cl1s939k73bf32r8pthp-ikyq.ru-central1.internal",
                "instance_id": "fv4bthjrr4lvq9h1kko7",
                "instance_tag": "",
                "name": "cl1s939k73bf32r8pthp-ikyq",
                "network_interface": [
                  {
                    "index": 0,
                    "ip_address": "10.130.0.5",
                    "ipv4": true,
                    "ipv6": false,
                    "ipv6_address": "",
                    "mac_address": "d0:0d:be:c6:7b:d9",
                    "nat": true,
                    "nat_ip_address": "158.160.128.25",
                    "nat_ip_version": "IPV4",
                    "subnet_id": "fl84g01equ7jn7e7tjc2"
                  }
                ],
                "status": "RUNNING_ACTUAL",
                "status_changed_at": "2025-04-13T03:19:43Z",
                "status_message": "",
                "zone_id": "ru-central1-d"
              }
            ],
            "labels": {},
            "load_balancer": [
              {
                "ignore_health_checks": false,
                "max_opening_traffic_duration": 0,
                "status_message": "",
                "target_group_description": "Целевая группа Network Load Balancer",
                "target_group_id": "enpfkv5gd3ct6n6ptsc2",
                "target_group_labels": {},
                "target_group_name": "target-group"
              }
            ],
            "max_checking_health_duration": null,
            "name": "project-instance-group",
            "scale_policy": [
              {
                "auto_scale": [],
                "fixed_scale": [
                  {
                    "size": 3
                  }
                ],
                "test_auto_scale": []
              }
            ],
            "service_account_id": "ajedk3jflri3hp4f3sc7",
            "status": "ACTIVE",
            "timeouts": null,
            "variables": {}
          },
          "sensitive_attributes": [],
          "private": "eyJlMmJmYjczMC1lY2FhLTExZTYtOGY4OC0zNDM2M2JjN2M0YzAiOnsiY3JlYXRlIjoxODAwMDAwMDAwMDAwLCJkZWxldGUiOjE4MDAwMDAwMDAwMDAsInVwZGF0ZSI6MTgwMDAwMDAwMDAwMH19",
          "dependencies": [
            "yandex_vpc_network.project-net",
            "yandex_vpc_subnet.project-subnet-d"
          ]
        }
      ]
    },
    {
      "mode": "managed",
      "type": "yandex_container_registry",
      "name": "my-reg",
      "provider": "provider[\"registry.terraform.io/yandex-cloud/yandex\"]",
      "instances": [
        {
          "schema_version": 0,
          "attributes": {
            "created_at": "2025-04-13T03:19:04Z",
            "folder_id": "b1gr31hq6bsesq941vg8",
            "id": "crpsit8qdr51vjo73bgq",
            "labels": {},
            "name": "project-registry",
            "status": "active",
            "timeouts": null
          },
          "sensitive_attributes": [],
          "private": "eyJlMmJmYjczMC1lY2FhLTExZTYtOGY4OC0zNDM2M2JjN2M0YzAiOnsiY3JlYXRlIjo5MDAwMDAwMDAwMDAsImRlbGV0ZSI6OTAwMDAwMDAwMDAwLCJ1cGRhdGUiOjkwMDAwMDAwMDAwMH19"
        }
      ]
    },
    {
      "mode": "managed",
      "type": "yandex_lb_network_load_balancer",
      "name": "lb-1",
      "provider": "provider[\"registry.terraform.io/yandex-cloud/yandex\"]",
      "instances": [
        {
          "schema_version": 0,
          "attributes": {
            "allow_zonal_shift": false,
            "attached_target_group": [
              {
                "healthcheck": [
                  {
                    "healthy_threshold": 2,
                    "http_options": [],
                    "interval": 2,
                    "name": "tcp",
                    "tcp_options": [
                      {
                        "port": 22
                      }
                    ],
                    "timeout": 1,
                    "unhealthy_threshold": 2
                  }
                ],
                "target_group_id": "enpfkv5gd3ct6n6ptsc2"
              }
            ],
            "created_at": "2025-04-13T03:19:49Z",
            "deletion_protection": false,
            "description": "",
            "folder_id": "b1gr31hq6bsesq941vg8",
            "id": "enpd931c4jas4aeu1k7k",
            "labels": {},
            "listener": [
              {
                "external_address_spec": [
                  {
                    "address": "130.193.44.129",
                    "ip_version": "ipv4"
                  }
                ],
                "internal_address_spec": [],
                "name": "network-load-balancer-1-listener",
                "port": 80,
                "protocol": "tcp",
                "target_port": 80
              }
            ],
            "name": "network-load-balancer-1",
            "region_id": "ru-central1",
            "timeouts": null,
            "type": "external"
          },
          "sensitive_attributes": [],
          "private": "eyJlMmJmYjczMC1lY2FhLTExZTYtOGY4OC0zNDM2M2JjN2M0YzAiOnsiY3JlYXRlIjozMDAwMDAwMDAwMDAsImRlbGV0ZSI6MzAwMDAwMDAwMDAwLCJ1cGRhdGUiOjMwMDAwMDAwMDAwMH19",
          "dependencies": [
            "yandex_compute_instance_group.ig-1",
            "yandex_vpc_address.addr",
            "yandex_vpc_network.project-net",
            "yandex_vpc_subnet.project-subnet-d"
          ]
        }
      ]
    },
    {
      "mode": "managed",
      "type": "yandex_mdb_postgresql_cluster",
      "name": "project-db-cluster",
      "provider": "provider[\"registry.terraform.io/yandex-cloud/yandex\"]",
      "instances": [
        {
          "schema_version": 0,
          "attributes": {
            "config": [
              {
                "access": [
                  {
                    "data_lens": false,
                    "data_transfer": false,
                    "serverless": false,
                    "web_sql": false
                  }
                ],
                "autofailover": true,
                "backup_retain_period_days": 7,
                "backup_window_start": [
                  {
                    "hours": 0,
                    "minutes": 0
                  }
                ],
                "disk_size_autoscaling": [
                  {
                    "disk_size_limit": 0,
                    "emergency_usage_threshold": 0,
                    "planned_usage_threshold": 0
                  }
                ],
                "performance_diagnostics": [
                  {
                    "enabled": false,
                    "sessions_sampling_interval": 60,
                    "statements_sampling_interval": 600
                  }
                ],
                "pooler_config": [],
                "postgresql_config": {
                  "auto_explain_log_format": "0",
                  "debug_parallel_query": "0",
                  "password_encryption": "2",
                  "shared_preload_libraries": ""
                },
                "resources": [
                  {
                    "disk_size": 50,
                    "disk_type_id": "network-ssd",
                    "resource_preset_id": "c3-c2-m4"
                  }
                ],
                "version": "17"
              }
            ],
            "created_at": "2025-04-13T03:21:57Z",
            "database": [],
            "deletion_protection": false,
            "description": "",
            "environment": "PRODUCTION",
            "folder_id": "b1gr31hq6bsesq941vg8",
            "health": "HEALTH_UNKNOWN",
            "host": [
              {
                "assign_public_ip": false,
                "fqdn": "rc1d-9b6pbc80eqqi22br.mdb.yandexcloud.net",
                "name": "project-master-host",
                "priority": 0,
                "replication_source": "",
                "replication_source_name": "",
                "role": "REPLICA",
                "subnet_id": "fl84g01equ7jn7e7tjc2",
                "zone": "ru-central1-d"
              },
              {
                "assign_public_ip": false,
                "fqdn": "rc1a-hb7d4iandm556eb5.mdb.yandexcloud.net",
                "name": "project-host-a",
                "priority": 0,
                "replication_source": "",
                "replication_source_name": "",
                "role": "MASTER",
                "subnet_id": "e9b437qsrm74dp9sbo4c",
                "zone": "ru-central1-a"
              },
              {
                "assign_public_ip": false,
                "fqdn": "rc1b-h74d6rid512g1mo4.mdb.yandexcloud.net",
                "name": "project-host-b",
                "priority": 0,
                "replication_source": "",
                "replication_source_name": "",
                "role": "REPLICA",
                "subnet_id": "e2l49fr0952599qv2kk9",
                "zone": "ru-central1-b"
              }
            ],
            "host_group_ids": [],
            "host_master_name": "project-host-a",
            "id": "c9qm504sc7ddh74p0qmk",
            "labels": {},
            "maintenance_window": [
              {
                "day": "",
                "hour": 0,
                "type": "ANYTIME"
              }
            ],
            "name": "project-db-cluster",
            "network_id": "enpbpsverc5d4lqksmiq",
            "restore": [],
            "security_group_ids": [],
            "status": "RUNNING",
            "timeouts": null,
            "user": []
          },
          "sensitive_attributes": [],
          "private": "eyJlMmJmYjczMC1lY2FhLTExZTYtOGY4OC0zNDM2M2JjN2M0YzAiOnsiY3JlYXRlIjoxODAwMDAwMDAwMDAwLCJkZWxldGUiOjkwMDAwMDAwMDAwMCwidXBkYXRlIjozNjAwMDAwMDAwMDAwfX0=",
          "dependencies": [
            "yandex_vpc_network.project-net",
            "yandex_vpc_subnet.project-subnet-a",
            "yandex_vpc_subnet.project-subnet-b",
            "yandex_vpc_subnet.project-subnet-d"
          ]
        }
      ]
    },
    {
      "mode": "managed",
      "type": "yandex_mdb_postgresql_database",
      "name": "project-database",
      "provider": "provider[\"registry.terraform.io/yandex-cloud/yandex\"]",
      "instances": [
        {
          "schema_version": 0,
          "attributes": {
            "cluster_id": "c9qm504sc7ddh74p0qmk",
            "deletion_protection": "unspecified",
            "extension": [],
            "id": "c9qm504sc7ddh74p0qmk:project-database",
            "lc_collate": "C",
            "lc_type": "C",
            "name": "project-database",
            "owner": "project-db-user",
            "template_db": "",
            "timeouts": null
          },
          "sensitive_attributes": [],
          "private": "eyJlMmJmYjczMC1lY2FhLTExZTYtOGY4OC0zNDM2M2JjN2M0YzAiOnsiY3JlYXRlIjo2MDAwMDAwMDAwMDAsImRlbGV0ZSI6NjAwMDAwMDAwMDAwLCJyZWFkIjo2MDAwMDAwMDAwMCwidXBkYXRlIjo2MDAwMDAwMDAwMDB9fQ==",
          "dependencies": [
            "yandex_mdb_postgresql_cluster.project-db-cluster",
            "yandex_mdb_postgresql_user.project-db-user",
            "yandex_vpc_network.project-net",
            "yandex_vpc_subnet.project-subnet-a",
            "yandex_vpc_subnet.project-subnet-b",
            "yandex_vpc_subnet.project-subnet-d"
          ]
        }
      ]
    },
    {
      "mode": "managed",
      "type": "yandex_mdb_postgresql_user",
      "name": "project-db-user",
      "provider": "provider[\"registry.terraform.io/yandex-cloud/yandex\"]",
      "instances": [
        {
          "schema_version": 0,
          "attributes": {
            "cluster_id": "c9qm504sc7ddh74p0qmk",
            "conn_limit": 50,
            "connection_manager": null,
            "deletion_protection": "unspecified",
            "generate_password": false,
            "grants": null,
            "id": "c9qm504sc7ddh74p0qmk:project-db-user",
            "login": true,
            "name": "project-db-user",
            "password": "ThisIsSecretPassword321!",
            "permission": [],
            "settings": null,
            "timeouts": null
          },
          "sensitive_attributes": [
            [
              {
                "type": "get_attr",
                "value": "password"
              }
            ]
          ],
          "private": "eyJlMmJmYjczMC1lY2FhLTExZTYtOGY4OC0zNDM2M2JjN2M0YzAiOnsiY3JlYXRlIjo2MDAwMDAwMDAwMDAsImRlbGV0ZSI6NjAwMDAwMDAwMDAwLCJyZWFkIjo2MDAwMDAwMDAwMCwidXBkYXRlIjo2MDAwMDAwMDAwMDB9fQ==",
          "dependencies": [
            "yandex_mdb_postgresql_cluster.project-db-cluster",
            "yandex_vpc_network.project-net",
            "yandex_vpc_subnet.project-subnet-a",
            "yandex_vpc_subnet.project-subnet-b",
            "yandex_vpc_subnet.project-subnet-d"
          ]
        }
      ]
    },
    {
      "mode": "managed",
      "type": "yandex_vpc_address",
      "name": "addr",
      "provider": "provider[\"registry.terraform.io/yandex-cloud/yandex\"]",
      "instances": [
        {
          "schema_version": 0,
          "attributes": {
            "created_at": "2025-04-13T03:19:04Z",
            "deletion_protection": false,
            "description": "",
            "dns_record": [],
            "external_ipv4_address": [
              {
                "address": "130.193.44.129",
                "ddos_protection_provider": "",
                "outgoing_smtp_capability": "",
                "zone_id": "ru-central1-d"
              }
            ],
            "folder_id": "b1gr31hq6bsesq941vg8",
            "id": "fl8jgnaeughteu5qsv77",
            "labels": {},
            "name": "project-ip",
            "reserved": true,
            "timeouts": null,
            "used": true
          },
          "sensitive_attributes": [],
          "private": "eyJlMmJmYjczMC1lY2FhLTExZTYtOGY4OC0zNDM2M2JjN2M0YzAiOnsiY3JlYXRlIjozMDAwMDAwMDAwMCwiZGVsZXRlIjozMDAwMDAwMDAwMCwidXBkYXRlIjozMDAwMDAwMDAwMH19"
        }
      ]
    },
    {
      "mode": "managed",
      "type": "yandex_vpc_network",
      "name": "project-net",
      "provider": "provider[\"registry.terraform.io/yandex-cloud/yandex\"]",
      "instances": [
        {
          "schema_version": 0,
          "attributes": {
            "created_at": "2025-04-13T03:19:04Z",
            "default_security_group_id": "enpsqjubacf66deu6a50",
            "description": "",
            "folder_id": "b1gr31hq6bsesq941vg8",
            "id": "enpbpsverc5d4lqksmiq",
            "labels": {},
            "name": "project-net",
            "subnet_ids": [
              "e2l49fr0952599qv2kk9",
              "e9b437qsrm74dp9sbo4c",
              "fl84g01equ7jn7e7tjc2"
            ],
            "timeouts": null
          },
          "sensitive_attributes": [],
          "private": "eyJlMmJmYjczMC1lY2FhLTExZTYtOGY4OC0zNDM2M2JjN2M0YzAiOnsiY3JlYXRlIjo2MDAwMDAwMDAwMCwiZGVsZXRlIjo2MDAwMDAwMDAwMCwidXBkYXRlIjo2MDAwMDAwMDAwMH19"
        }
      ]
    },
    {
      "mode": "managed",
      "type": "yandex_vpc_subnet",
      "name": "project-subnet-a",
      "provider": "provider[\"registry.terraform.io/yandex-cloud/yandex\"]",
      "instances": [
        {
          "schema_version": 0,
          "attributes": {
            "created_at": "2025-04-13T03:19:06Z",
            "description": "",
            "dhcp_options": [],
            "folder_id": "b1gr31hq6bsesq941vg8",
            "id": "e9b437qsrm74dp9sbo4c",
            "labels": {},
            "name": "project-subnet-a",
            "network_id": "enpbpsverc5d4lqksmiq",
            "route_table_id": "",
            "timeouts": null,
            "v4_cidr_blocks": [
              "10.128.0.0/24"
            ],
            "v6_cidr_blocks": [],
            "zone": "ru-central1-a"
          },
          "sensitive_attributes": [],
          "private": "eyJlMmJmYjczMC1lY2FhLTExZTYtOGY4OC0zNDM2M2JjN2M0YzAiOnsiY3JlYXRlIjoxODAwMDAwMDAwMDAsImRlbGV0ZSI6MTgwMDAwMDAwMDAwLCJ1cGRhdGUiOjE4MDAwMDAwMDAwMH19",
          "dependencies": [
            "yandex_vpc_network.project-net"
          ]
        }
      ]
    },
    {
      "mode": "managed",
      "type": "yandex_vpc_subnet",
      "name": "project-subnet-b",
      "provider": "provider[\"registry.terraform.io/yandex-cloud/yandex\"]",
      "instances": [
        {
          "schema_version": 0,
          "attributes": {
            "created_at": "2025-04-13T03:19:08Z",
            "description": "",
            "dhcp_options": [],
            "folder_id": "b1gr31hq6bsesq941vg8",
            "id": "e2l49fr0952599qv2kk9",
            "labels": {},
            "name": "project-subnet-b",
            "network_id": "enpbpsverc5d4lqksmiq",
            "route_table_id": "",
            "timeouts": null,
            "v4_cidr_blocks": [
              "10.129.0.0/24"
            ],
            "v6_cidr_blocks": [],
            "zone": "ru-central1-b"
          },
          "sensitive_attributes": [],
          "private": "eyJlMmJmYjczMC1lY2FhLTExZTYtOGY4OC0zNDM2M2JjN2M0YzAiOnsiY3JlYXRlIjoxODAwMDAwMDAwMDAsImRlbGV0ZSI6MTgwMDAwMDAwMDAwLCJ1cGRhdGUiOjE4MDAwMDAwMDAwMH19",
          "dependencies": [
            "yandex_vpc_network.project-net"
          ]
        }
      ]
    },
    {
      "mode": "managed",
      "type": "yandex_vpc_subnet",
      "name": "project-subnet-d",
      "provider": "provider[\"registry.terraform.io/yandex-cloud/yandex\"]",
      "instances": [
        {
          "schema_version": 0,
          "attributes": {
            "created_at": "2025-04-13T03:19:07Z",
            "description": "",
            "dhcp_options": [],
            "folder_id": "b1gr31hq6bsesq941vg8",
            "id": "fl84g01equ7jn7e7tjc2",
            "labels": {},
            "name": "project-subnet-d",
            "network_id": "enpbpsverc5d4lqksmiq",
            "route_table_id": "",
            "timeouts": null,
            "v4_cidr_blocks": [
              "10.130.0.0/24"
            ],
            "v6_cidr_blocks": [],
            "zone": "ru-central1-d"
          },
          "sensitive_attributes": [],
          "private": "eyJlMmJmYjczMC1lY2FhLTExZTYtOGY4OC0zNDM2M2JjN2M0YzAiOnsiY3JlYXRlIjoxODAwMDAwMDAwMDAsImRlbGV0ZSI6MTgwMDAwMDAwMDAwLCJ1cGRhdGUiOjE4MDAwMDAwMDAwMH19",
          "dependencies": [
            "yandex_vpc_network.project-net"
          ]
        }
      ]
    }
  ],
  "check_results": null
}
