{
  "version": 4,
  "terraform_version": "1.11.3",
  "serial": 6,
  "lineage": "e34438d5-984a-9a88-616f-80bca628a158",
  "outputs": {},
  "resources": [
    {
      "mode": "managed",
      "type": "yandex_container_registry",
      "name": "my-reg",
      "provider": "provider[\"registry.terraform.io/yandex-cloud/yandex\"]",
      "instances": [
        {
          "schema_version": 0,
          "attributes": {
            "created_at": "2025-04-08T09:42:01Z",
            "folder_id": "b1gr31hq6bsesq941vg8",
            "id": "crp6sl698lifcvmm80ot",
            "labels": null,
            "name": "project-registry",
            "status": "active",
            "timeouts": null
          },
          "sensitive_attributes": [],
          "private": "eyJlMmJmYjczMC1lY2FhLTExZTYtOGY4OC0zNDM2M2JjN2M0YzAiOnsiY3JlYXRlIjo5MDAwMDAwMDAwMDAsImRlbGV0ZSI6OTAwMDAwMDAwMDAwLCJ1cGRhdGUiOjkwMDAwMDAwMDAwMH19"
        }
      ]
    }
  ],
  "check_results": null
}
